{
  "originHash" : "4580cafa38416427f679b993528263b9d3545272b14f523e2b387b8ea0cdc7d3",
  "pins" : [
    {
      "identity" : "generative-ai-swift",
      "kind" : "remoteSourceControl",
      "location" : "https://github.com/google-gemini/generative-ai-swift.git",
      "state" : {
        "revision" : "584b1e9a8561716a34b16b8729ca9b85a60f0f95",
        "version" : "0.5.0"
      }
    }
  ],
  "version" : 3
}
